
Microsoft Visual Studio Solution File, Format Version 12.00
Project("{FAE04EC0-301F-11D3-BF4B-00C04F79EFBC}") = "RedditOrganizeSaved", "RedditOrganizeSaved.csproj", "{FC003879-9A65-4A7E-964D-4D8DC2D3FF59}"
EndProject
Global
	GlobalSection(SolutionConfigurationPlatforms) = preSolution
		Debug|Any CPU = Debug|Any CPU
		Release|Any CPU = Release|Any CPU
	EndGlobalSection
	GlobalSection(ProjectConfigurationPlatforms) = postSolution
		{FC003879-9A65-4A7E-964D-4D8DC2D3FF59}.Debug|Any CPU.ActiveCfg = Debug|Any CPU
		{FC003879-9A65-4A7E-964D-4D8DC2D3FF59}.Debug|Any CPU.Build.0 = Debug|Any CPU
		{FC003879-9A65-4A7E-964D-4D8DC2D3FF59}.Release|Any CPU.ActiveCfg = Release|Any CPU
		{FC003879-9A65-4A7E-964D-4D8DC2D3FF59}.Release|Any CPU.Build.0 = Release|Any CPU
	EndGlobalSection
EndGlobal
